// !$*UTF8*$!
{
	archiveVersion = 1;
	classes = {
	};
	objectVersion = 50;
	objects = {

/* Begin PBXBuildFile section */
		2614B5A222381DF80083987B /* CocoaView.mm in Sources */ = {isa = PBXBuildFile; fileRef = 2614B5A022381D850083987B /* CocoaView.mm */; };
		2614B5A5223824FB0083987B /* AvFoundationPlayers.mm in Sources */ = {isa = PBXBuildFile; fileRef = 2614B5A3223824960083987B /* AvFoundationPlayers.mm */; };
		2623A155224BD037007C99F2 /* OutputFileImpl.cpp in Sources */ = {isa = PBXBuildFile; fileRef = 2623A153224BD037007C99F2 /* OutputFileImpl.cpp */; };
		2623A156224BD037007C99F2 /* OutputFileImpl.hpp in Headers */ = {isa = PBXBuildFile; fileRef = 2623A154224BD037007C99F2 /* OutputFileImpl.hpp */; };
		2646F83421DFDF5500F378DE /* RandomizedStimulusListTests.cpp in Sources */ = {isa = PBXBuildFile; fileRef = 2646F83321DFDF5500F378DE /* RandomizedStimulusListTests.cpp */; };
		2646F84021DFEA2300F378DE /* RandomizedStimulusList.cpp in Sources */ = {isa = PBXBuildFile; fileRef = 2646F83E21DFEA2300F378DE /* RandomizedStimulusList.cpp */; };
		2646F84121DFEA5E00F378DE /* libstimulus-list.dylib in Frameworks */ = {isa = PBXBuildFile; fileRef = 2646F83921DFEA0400F378DE /* libstimulus-list.dylib */; };
		2646F84221DFEA7300F378DE /* RandomizedStimulusList.cpp in Sources */ = {isa = PBXBuildFile; fileRef = 2646F83E21DFEA2300F378DE /* RandomizedStimulusList.cpp */; };
		2646F84321DFEBE000F378DE /* libstimulus-list.dylib in Frameworks */ = {isa = PBXBuildFile; fileRef = 2646F83921DFEA0400F378DE /* libstimulus-list.dylib */; };
		2646F84A21E017D100F378DE /* FileFilterDecorator.cpp in Sources */ = {isa = PBXBuildFile; fileRef = 2646F84821E017D100F378DE /* FileFilterDecorator.cpp */; };
		2646F84B21E017D100F378DE /* FileFilterDecorator.hpp in Headers */ = {isa = PBXBuildFile; fileRef = 2646F84921E017D100F378DE /* FileFilterDecorator.hpp */; };
		264E7E4B224E6467008A595F /* OutputFilePathTests.cpp in Sources */ = {isa = PBXBuildFile; fileRef = 264E7E4A224E6467008A595F /* OutputFilePathTests.cpp */; };
		264E7E4E224E6F30008A595F /* OutputFilePathImpl.cpp in Sources */ = {isa = PBXBuildFile; fileRef = 264E7E4C224E6F30008A595F /* OutputFilePathImpl.cpp */; };
		264E7E4F224E6F30008A595F /* OutputFilePathImpl.hpp in Headers */ = {isa = PBXBuildFile; fileRef = 264E7E4D224E6F30008A595F /* OutputFilePathImpl.hpp */; };
		2656B62722401D3F0058A23D /* MediaToolbox.framework in Frameworks */ = {isa = PBXBuildFile; fileRef = 2656B62622401D3F0058A23D /* MediaToolbox.framework */; };
		26955FF92236F21A00664A2C /* CoreAudio.framework in Frameworks */ = {isa = PBXBuildFile; fileRef = 2646F84421E003B600F378DE /* CoreAudio.framework */; };
		269C91942233204B00A80372 /* main.mm in Sources */ = {isa = PBXBuildFile; fileRef = 269C919222331FCE00A80372 /* main.mm */; };
		269C91962233212B00A80372 /* gtest_main.a in Frameworks */ = {isa = PBXBuildFile; fileRef = 269C91952233212B00A80372 /* gtest_main.a */; };
		26A2236C21DD2C75007D6511 /* RecognitionTestModelTests.cpp in Sources */ = {isa = PBXBuildFile; fileRef = 26A2236B21DD2C75007D6511 /* RecognitionTestModelTests.cpp */; };
		26A2237921DD354A007D6511 /* RecognitionTestModel.cpp in Sources */ = {isa = PBXBuildFile; fileRef = 26A2236E21DD34A7007D6511 /* RecognitionTestModel.cpp */; };
		26A2237A21DD3552007D6511 /* librecognition-test.dylib in Frameworks */ = {isa = PBXBuildFile; fileRef = 26A2237521DD3544007D6511 /* librecognition-test.dylib */; };
		26A86BDE223A972200210C00 /* RandomizedMaskerPlayerTests.cpp in Sources */ = {isa = PBXBuildFile; fileRef = 26A86BDD223A972200210C00 /* RandomizedMaskerPlayerTests.cpp */; };
		26A86BEA223AA74A00210C00 /* RandomizedMaskerPlayer.cpp in Sources */ = {isa = PBXBuildFile; fileRef = 26A86BE8223AA74A00210C00 /* RandomizedMaskerPlayer.cpp */; };
		26A86BEB223AA74A00210C00 /* RandomizedMaskerPlayer.hpp in Headers */ = {isa = PBXBuildFile; fileRef = 26A86BE9223AA74A00210C00 /* RandomizedMaskerPlayer.hpp */; };
		26A86BEC223AA87B00210C00 /* libmasker-player.dylib in Frameworks */ = {isa = PBXBuildFile; fileRef = 26A86BE3223AA71400210C00 /* libmasker-player.dylib */; };
		26A86BED223AA9E600210C00 /* libmasker-player.dylib in Frameworks */ = {isa = PBXBuildFile; fileRef = 26A86BE3223AA71400210C00 /* libmasker-player.dylib */; };
		26B81F3721DEB18E00006FCB /* libpresentation.dylib in Frameworks */ = {isa = PBXBuildFile; fileRef = 26FC6B1621DAA3D800289A0A /* libpresentation.dylib */; };
		26B81F3821DEB18E00006FCB /* librecognition-test.dylib in Frameworks */ = {isa = PBXBuildFile; fileRef = 26A2237521DD3544007D6511 /* librecognition-test.dylib */; };
		26B81F3A21DEB19E00006FCB /* AVFoundation.framework in Frameworks */ = {isa = PBXBuildFile; fileRef = 26B81F1E21DEA46800006FCB /* AVFoundation.framework */; };
		26B81F3B21DEB1A500006FCB /* Cocoa.framework in Frameworks */ = {isa = PBXBuildFile; fileRef = 26B81F2021DEA46F00006FCB /* Cocoa.framework */; };
		26EE86BB2242CFFB00C08622 /* TargetPlayerTests.cpp in Sources */ = {isa = PBXBuildFile; fileRef = 26EE86BA2242CFFB00C08622 /* TargetPlayerTests.cpp */; };
		26EE86C02242E8DE00C08622 /* TargetPlayerImpl.cpp in Sources */ = {isa = PBXBuildFile; fileRef = 26EE86BE2242E8DE00C08622 /* TargetPlayerImpl.cpp */; };
		26EE86C92242E99100C08622 /* TargetPlayerImpl.cpp in Sources */ = {isa = PBXBuildFile; fileRef = 26EE86BE2242E8DE00C08622 /* TargetPlayerImpl.cpp */; };
		26EE86CA2242E99A00C08622 /* libstimulus-player.dylib in Frameworks */ = {isa = PBXBuildFile; fileRef = 26EE86C52242E98600C08622 /* libstimulus-player.dylib */; };
		26EE86CB2242EBBE00C08622 /* libstimulus-player.dylib in Frameworks */ = {isa = PBXBuildFile; fileRef = 26EE86C52242E98600C08622 /* libstimulus-player.dylib */; };
		26FC6B0721DA810C00289A0A /* PresenterTests.cpp in Sources */ = {isa = PBXBuildFile; fileRef = 26FC6B0621DA810C00289A0A /* PresenterTests.cpp */; };
		26FC6B1B21DAA3F200289A0A /* Presenter.cpp in Sources */ = {isa = PBXBuildFile; fileRef = 26FC6B1021DAA32500289A0A /* Presenter.cpp */; };
		26FC6B1C21DAA40800289A0A /* libpresentation.dylib in Frameworks */ = {isa = PBXBuildFile; fileRef = 26FC6B1621DAA3D800289A0A /* libpresentation.dylib */; };
		26FDD2D6224AC0840090BDD5 /* OutputFileTests.cpp in Sources */ = {isa = PBXBuildFile; fileRef = 26FDD2D5224AC0840090BDD5 /* OutputFileTests.cpp */; };
/* End PBXBuildFile section */

/* Begin PBXCopyFilesBuildPhase section */
		26FC6B0121DA810C00289A0A /* CopyFiles */ = {
			isa = PBXCopyFilesBuildPhase;
			buildActionMask = 2147483647;
			dstPath = /usr/share/man/man1/;
			dstSubfolderSpec = 0;
			files = (
			);
			runOnlyForDeploymentPostprocessing = 1;
		};
/* End PBXCopyFilesBuildPhase section */

/* Begin PBXFileReference section */
		2614B59D2238090B0083987B /* MersenneTwisterRandomizer.h */ = {isa = PBXFileReference; lastKnownFileType = sourcecode.c.h; path = MersenneTwisterRandomizer.h; sourceTree = "<group>"; };
		2614B59E223809B50083987B /* CocoaView.h */ = {isa = PBXFileReference; lastKnownFileType = sourcecode.c.h; path = CocoaView.h; sourceTree = "<group>"; };
		2614B59F2238108E0083987B /* AvFoundationPlayers.h */ = {isa = PBXFileReference; lastKnownFileType = sourcecode.c.h; path = AvFoundationPlayers.h; sourceTree = "<group>"; };
		2614B5A022381D850083987B /* CocoaView.mm */ = {isa = PBXFileReference; lastKnownFileType = sourcecode.cpp.objcpp; path = CocoaView.mm; sourceTree = "<group>"; };
		2614B5A3223824960083987B /* AvFoundationPlayers.mm */ = {isa = PBXFileReference; lastKnownFileType = sourcecode.cpp.objcpp; path = AvFoundationPlayers.mm; sourceTree = "<group>"; };
		2623A153224BD037007C99F2 /* OutputFileImpl.cpp */ = {isa = PBXFileReference; lastKnownFileType = sourcecode.cpp.cpp; path = OutputFileImpl.cpp; sourceTree = "<group>"; };
		2623A154224BD037007C99F2 /* OutputFileImpl.hpp */ = {isa = PBXFileReference; lastKnownFileType = sourcecode.cpp.h; path = OutputFileImpl.hpp; sourceTree = "<group>"; };
		2646F83321DFDF5500F378DE /* RandomizedStimulusListTests.cpp */ = {isa = PBXFileReference; lastKnownFileType = sourcecode.cpp.cpp; path = RandomizedStimulusListTests.cpp; sourceTree = "<group>"; };
		2646F83921DFEA0400F378DE /* libstimulus-list.dylib */ = {isa = PBXFileReference; explicitFileType = "compiled.mach-o.dylib"; includeInIndex = 0; path = "libstimulus-list.dylib"; sourceTree = BUILT_PRODUCTS_DIR; };
		2646F83E21DFEA2300F378DE /* RandomizedStimulusList.cpp */ = {isa = PBXFileReference; lastKnownFileType = sourcecode.cpp.cpp; path = RandomizedStimulusList.cpp; sourceTree = "<group>"; };
		2646F83F21DFEA2300F378DE /* RandomizedStimulusList.hpp */ = {isa = PBXFileReference; lastKnownFileType = sourcecode.cpp.h; path = RandomizedStimulusList.hpp; sourceTree = "<group>"; };
		2646F84421E003B600F378DE /* CoreAudio.framework */ = {isa = PBXFileReference; lastKnownFileType = wrapper.framework; name = CoreAudio.framework; path = System/Library/Frameworks/CoreAudio.framework; sourceTree = SDKROOT; };
		2646F84621E003E500F378DE /* AudioToolbox.framework */ = {isa = PBXFileReference; lastKnownFileType = wrapper.framework; name = AudioToolbox.framework; path = System/Library/Frameworks/AudioToolbox.framework; sourceTree = SDKROOT; };
		2646F84821E017D100F378DE /* FileFilterDecorator.cpp */ = {isa = PBXFileReference; lastKnownFileType = sourcecode.cpp.cpp; path = FileFilterDecorator.cpp; sourceTree = "<group>"; };
		2646F84921E017D100F378DE /* FileFilterDecorator.hpp */ = {isa = PBXFileReference; lastKnownFileType = sourcecode.cpp.h; path = FileFilterDecorator.hpp; sourceTree = "<group>"; };
		264E7E4A224E6467008A595F /* OutputFilePathTests.cpp */ = {isa = PBXFileReference; lastKnownFileType = sourcecode.cpp.cpp; path = OutputFilePathTests.cpp; sourceTree = "<group>"; };
		264E7E4C224E6F30008A595F /* OutputFilePathImpl.cpp */ = {isa = PBXFileReference; lastKnownFileType = sourcecode.cpp.cpp; path = OutputFilePathImpl.cpp; sourceTree = "<group>"; };
		264E7E4D224E6F30008A595F /* OutputFilePathImpl.hpp */ = {isa = PBXFileReference; lastKnownFileType = sourcecode.cpp.h; path = OutputFilePathImpl.hpp; sourceTree = "<group>"; };
		264E7E50224E7065008A595F /* LogString.h */ = {isa = PBXFileReference; lastKnownFileType = sourcecode.c.h; path = LogString.h; sourceTree = "<group>"; };
		2656B62422401D2C0058A23D /* CoreMedia.framework */ = {isa = PBXFileReference; lastKnownFileType = wrapper.framework; name = CoreMedia.framework; path = System/Library/Frameworks/CoreMedia.framework; sourceTree = SDKROOT; };
		2656B62622401D3F0058A23D /* MediaToolbox.framework */ = {isa = PBXFileReference; lastKnownFileType = wrapper.framework; name = MediaToolbox.framework; path = System/Library/Frameworks/MediaToolbox.framework; sourceTree = SDKROOT; };
		26955FF82236A60200664A2C /* assert-utility.h */ = {isa = PBXFileReference; lastKnownFileType = sourcecode.c.h; path = "assert-utility.h"; sourceTree = "<group>"; };
		269C919222331FCE00A80372 /* main.mm */ = {isa = PBXFileReference; fileEncoding = 4; lastKnownFileType = sourcecode.cpp.objcpp; path = main.mm; sourceTree = "<group>"; };
		269C91952233212B00A80372 /* gtest_main.a */ = {isa = PBXFileReference; lastKnownFileType = archive.ar; name = gtest_main.a; path = ../../../../../usr/local/lib/gtest_main.a; sourceTree = "<group>"; };
		26A2236B21DD2C75007D6511 /* RecognitionTestModelTests.cpp */ = {isa = PBXFileReference; lastKnownFileType = sourcecode.cpp.cpp; path = RecognitionTestModelTests.cpp; sourceTree = "<group>"; };
		26A2236E21DD34A7007D6511 /* RecognitionTestModel.cpp */ = {isa = PBXFileReference; lastKnownFileType = sourcecode.cpp.cpp; path = RecognitionTestModel.cpp; sourceTree = "<group>"; };
		26A2236F21DD34A7007D6511 /* RecognitionTestModel.hpp */ = {isa = PBXFileReference; lastKnownFileType = sourcecode.cpp.h; path = RecognitionTestModel.hpp; sourceTree = "<group>"; };
		26A2237521DD3544007D6511 /* librecognition-test.dylib */ = {isa = PBXFileReference; explicitFileType = "compiled.mach-o.dylib"; includeInIndex = 0; path = "librecognition-test.dylib"; sourceTree = BUILT_PRODUCTS_DIR; };
		26A86BDD223A972200210C00 /* RandomizedMaskerPlayerTests.cpp */ = {isa = PBXFileReference; lastKnownFileType = sourcecode.cpp.cpp; path = RandomizedMaskerPlayerTests.cpp; sourceTree = "<group>"; };
		26A86BE3223AA71400210C00 /* libmasker-player.dylib */ = {isa = PBXFileReference; explicitFileType = "compiled.mach-o.dylib"; includeInIndex = 0; path = "libmasker-player.dylib"; sourceTree = BUILT_PRODUCTS_DIR; };
		26A86BE8223AA74A00210C00 /* RandomizedMaskerPlayer.cpp */ = {isa = PBXFileReference; lastKnownFileType = sourcecode.cpp.cpp; path = RandomizedMaskerPlayer.cpp; sourceTree = "<group>"; };
		26A86BE9223AA74A00210C00 /* RandomizedMaskerPlayer.hpp */ = {isa = PBXFileReference; lastKnownFileType = sourcecode.cpp.h; path = RandomizedMaskerPlayer.hpp; sourceTree = "<group>"; };
		26B81F1E21DEA46800006FCB /* AVFoundation.framework */ = {isa = PBXFileReference; lastKnownFileType = wrapper.framework; name = AVFoundation.framework; path = System/Library/Frameworks/AVFoundation.framework; sourceTree = SDKROOT; };
		26B81F2021DEA46F00006FCB /* Cocoa.framework */ = {isa = PBXFileReference; lastKnownFileType = wrapper.framework; name = Cocoa.framework; path = System/Library/Frameworks/Cocoa.framework; sourceTree = SDKROOT; };
		26B81F2621DEB15700006FCB /* av-coordinated-response-measure.app */ = {isa = PBXFileReference; explicitFileType = wrapper.application; includeInIndex = 0; path = "av-coordinated-response-measure.app"; sourceTree = BUILT_PRODUCTS_DIR; };
		26EE86BA2242CFFB00C08622 /* TargetPlayerTests.cpp */ = {isa = PBXFileReference; lastKnownFileType = sourcecode.cpp.cpp; path = TargetPlayerTests.cpp; sourceTree = "<group>"; };
		26EE86BC2242E64900C08622 /* Model.h */ = {isa = PBXFileReference; lastKnownFileType = sourcecode.c.h; path = Model.h; sourceTree = "<group>"; };
		26EE86BE2242E8DE00C08622 /* TargetPlayerImpl.cpp */ = {isa = PBXFileReference; lastKnownFileType = sourcecode.cpp.cpp; path = TargetPlayerImpl.cpp; sourceTree = "<group>"; };
		26EE86BF2242E8DE00C08622 /* TargetPlayerImpl.hpp */ = {isa = PBXFileReference; lastKnownFileType = sourcecode.cpp.h; path = TargetPlayerImpl.hpp; sourceTree = "<group>"; };
		26EE86C52242E98600C08622 /* libstimulus-player.dylib */ = {isa = PBXFileReference; explicitFileType = "compiled.mach-o.dylib"; includeInIndex = 0; path = "libstimulus-player.dylib"; sourceTree = BUILT_PRODUCTS_DIR; };
		26FC6B0321DA810C00289A0A /* google-tests */ = {isa = PBXFileReference; explicitFileType = "compiled.mach-o.executable"; includeInIndex = 0; path = "google-tests"; sourceTree = BUILT_PRODUCTS_DIR; };
		26FC6B0621DA810C00289A0A /* PresenterTests.cpp */ = {isa = PBXFileReference; lastKnownFileType = sourcecode.cpp.cpp; path = PresenterTests.cpp; sourceTree = "<group>"; };
		26FC6B0F21DA8ECA00289A0A /* Presenter.h */ = {isa = PBXFileReference; lastKnownFileType = sourcecode.c.h; path = Presenter.h; sourceTree = "<group>"; };
		26FC6B1021DAA32500289A0A /* Presenter.cpp */ = {isa = PBXFileReference; lastKnownFileType = sourcecode.cpp.cpp; path = Presenter.cpp; sourceTree = "<group>"; };
		26FC6B1621DAA3D800289A0A /* libpresentation.dylib */ = {isa = PBXFileReference; explicitFileType = "compiled.mach-o.dylib"; includeInIndex = 0; path = libpresentation.dylib; sourceTree = BUILT_PRODUCTS_DIR; };
		26FDD2D5224AC0840090BDD5 /* OutputFileTests.cpp */ = {isa = PBXFileReference; lastKnownFileType = sourcecode.cpp.cpp; path = OutputFileTests.cpp; sourceTree = "<group>"; };
/* End PBXFileReference section */

/* Begin PBXFrameworksBuildPhase section */
		2646F83721DFEA0400F378DE /* Frameworks */ = {
			isa = PBXFrameworksBuildPhase;
			buildActionMask = 2147483647;
			files = (
			);
			runOnlyForDeploymentPostprocessing = 0;
		};
		26A2237321DD3544007D6511 /* Frameworks */ = {
			isa = PBXFrameworksBuildPhase;
			buildActionMask = 2147483647;
			files = (
			);
			runOnlyForDeploymentPostprocessing = 0;
		};
		26A86BE1223AA71400210C00 /* Frameworks */ = {
			isa = PBXFrameworksBuildPhase;
			buildActionMask = 2147483647;
			files = (
			);
			runOnlyForDeploymentPostprocessing = 0;
		};
		26B81F2321DEB15700006FCB /* Frameworks */ = {
			isa = PBXFrameworksBuildPhase;
			buildActionMask = 2147483647;
			files = (
				26EE86CB2242EBBE00C08622 /* libstimulus-player.dylib in Frameworks */,
				2656B62722401D3F0058A23D /* MediaToolbox.framework in Frameworks */,
				26A86BED223AA9E600210C00 /* libmasker-player.dylib in Frameworks */,
				26955FF92236F21A00664A2C /* CoreAudio.framework in Frameworks */,
				2646F84321DFEBE000F378DE /* libstimulus-list.dylib in Frameworks */,
				26B81F3B21DEB1A500006FCB /* Cocoa.framework in Frameworks */,
				26B81F3A21DEB19E00006FCB /* AVFoundation.framework in Frameworks */,
				26B81F3721DEB18E00006FCB /* libpresentation.dylib in Frameworks */,
				26B81F3821DEB18E00006FCB /* librecognition-test.dylib in Frameworks */,
			);
			runOnlyForDeploymentPostprocessing = 0;
		};
		26EE86C32242E98600C08622 /* Frameworks */ = {
			isa = PBXFrameworksBuildPhase;
			buildActionMask = 2147483647;
			files = (
			);
			runOnlyForDeploymentPostprocessing = 0;
		};
		26FC6B0021DA810C00289A0A /* Frameworks */ = {
			isa = PBXFrameworksBuildPhase;
			buildActionMask = 2147483647;
			files = (
				26EE86CA2242E99A00C08622 /* libstimulus-player.dylib in Frameworks */,
				26A86BEC223AA87B00210C00 /* libmasker-player.dylib in Frameworks */,
				269C91962233212B00A80372 /* gtest_main.a in Frameworks */,
				2646F84121DFEA5E00F378DE /* libstimulus-list.dylib in Frameworks */,
				26A2237A21DD3552007D6511 /* librecognition-test.dylib in Frameworks */,
				26FC6B1C21DAA40800289A0A /* libpresentation.dylib in Frameworks */,
			);
			runOnlyForDeploymentPostprocessing = 0;
		};
		26FC6B1421DAA3D800289A0A /* Frameworks */ = {
			isa = PBXFrameworksBuildPhase;
			buildActionMask = 2147483647;
			files = (
			);
			runOnlyForDeploymentPostprocessing = 0;
		};
/* End PBXFrameworksBuildPhase section */

/* Begin PBXGroup section */
		2646F83D21DFEA0B00F378DE /* stimulus-list */ = {
			isa = PBXGroup;
			children = (
				2646F83E21DFEA2300F378DE /* RandomizedStimulusList.cpp */,
				2646F83F21DFEA2300F378DE /* RandomizedStimulusList.hpp */,
				2646F84821E017D100F378DE /* FileFilterDecorator.cpp */,
				2646F84921E017D100F378DE /* FileFilterDecorator.hpp */,
			);
			path = "stimulus-list";
			sourceTree = "<group>";
		};
		269C919122331FCE00A80372 /* main */ = {
			isa = PBXGroup;
			children = (
				269C919222331FCE00A80372 /* main.mm */,
				2614B59D2238090B0083987B /* MersenneTwisterRandomizer.h */,
				2614B59E223809B50083987B /* CocoaView.h */,
				2614B59F2238108E0083987B /* AvFoundationPlayers.h */,
				2614B5A022381D850083987B /* CocoaView.mm */,
				2614B5A3223824960083987B /* AvFoundationPlayers.mm */,
			);
			path = main;
			sourceTree = "<group>";
		};
		26A2236D21DD3482007D6511 /* recognition-test */ = {
			isa = PBXGroup;
			children = (
				26A2236E21DD34A7007D6511 /* RecognitionTestModel.cpp */,
				26A2236F21DD34A7007D6511 /* RecognitionTestModel.hpp */,
				2623A153224BD037007C99F2 /* OutputFileImpl.cpp */,
				2623A154224BD037007C99F2 /* OutputFileImpl.hpp */,
				264E7E4C224E6F30008A595F /* OutputFilePathImpl.cpp */,
				264E7E4D224E6F30008A595F /* OutputFilePathImpl.hpp */,
			);
			path = "recognition-test";
			sourceTree = "<group>";
		};
		26A86BE7223AA72700210C00 /* masker-player */ = {
			isa = PBXGroup;
			children = (
				26A86BE8223AA74A00210C00 /* RandomizedMaskerPlayer.cpp */,
				26A86BE9223AA74A00210C00 /* RandomizedMaskerPlayer.hpp */,
			);
			path = "masker-player";
			sourceTree = "<group>";
		};
		26EE86BD2242E8CB00C08622 /* stimulus-player */ = {
			isa = PBXGroup;
			children = (
				26EE86BE2242E8DE00C08622 /* TargetPlayerImpl.cpp */,
				26EE86BF2242E8DE00C08622 /* TargetPlayerImpl.hpp */,
			);
			path = "stimulus-player";
			sourceTree = "<group>";
		};
		26FC6AF821DA80C900289A0A = {
			isa = PBXGroup;
			children = (
				26FDD2D7224AC3100090BDD5 /* av-coordinated-response-measure */,
				26EE86BD2242E8CB00C08622 /* stimulus-player */,
				26A86BE7223AA72700210C00 /* masker-player */,
				269C919122331FCE00A80372 /* main */,
				2646F83D21DFEA0B00F378DE /* stimulus-list */,
				26A2236D21DD3482007D6511 /* recognition-test */,
				26FC6B1A21DAA3DF00289A0A /* presentation */,
				26FC6B0521DA810C00289A0A /* google-tests */,
				26FC6B0421DA810C00289A0A /* Products */,
				26FC6B0B21DA85A400289A0A /* Frameworks */,
			);
			sourceTree = "<group>";
		};
		26FC6B0421DA810C00289A0A /* Products */ = {
			isa = PBXGroup;
			children = (
				26FC6B0321DA810C00289A0A /* google-tests */,
				26FC6B1621DAA3D800289A0A /* libpresentation.dylib */,
				26A2237521DD3544007D6511 /* librecognition-test.dylib */,
				26B81F2621DEB15700006FCB /* av-coordinated-response-measure.app */,
				2646F83921DFEA0400F378DE /* libstimulus-list.dylib */,
				26A86BE3223AA71400210C00 /* libmasker-player.dylib */,
				26EE86C52242E98600C08622 /* libstimulus-player.dylib */,
			);
			name = Products;
			sourceTree = "<group>";
		};
		26FC6B0521DA810C00289A0A /* google-tests */ = {
			isa = PBXGroup;
			children = (
				26FC6B0621DA810C00289A0A /* PresenterTests.cpp */,
				26A2236B21DD2C75007D6511 /* RecognitionTestModelTests.cpp */,
				2646F83321DFDF5500F378DE /* RandomizedStimulusListTests.cpp */,
				26955FF82236A60200664A2C /* assert-utility.h */,
				26A86BDD223A972200210C00 /* RandomizedMaskerPlayerTests.cpp */,
				26EE86BA2242CFFB00C08622 /* TargetPlayerTests.cpp */,
				26FDD2D5224AC0840090BDD5 /* OutputFileTests.cpp */,
				264E7E4A224E6467008A595F /* OutputFilePathTests.cpp */,
				264E7E50224E7065008A595F /* LogString.h */,
			);
			path = "google-tests";
			sourceTree = "<group>";
		};
		26FC6B0B21DA85A400289A0A /* Frameworks */ = {
			isa = PBXGroup;
			children = (
				2656B62622401D3F0058A23D /* MediaToolbox.framework */,
				2656B62422401D2C0058A23D /* CoreMedia.framework */,
				269C91952233212B00A80372 /* gtest_main.a */,
				2646F84621E003E500F378DE /* AudioToolbox.framework */,
				2646F84421E003B600F378DE /* CoreAudio.framework */,
				26B81F2021DEA46F00006FCB /* Cocoa.framework */,
				26B81F1E21DEA46800006FCB /* AVFoundation.framework */,
			);
			name = Frameworks;
			sourceTree = "<group>";
		};
		26FC6B1A21DAA3DF00289A0A /* presentation */ = {
			isa = PBXGroup;
			children = (
				26FC6B0F21DA8ECA00289A0A /* Presenter.h */,
				26FC6B1021DAA32500289A0A /* Presenter.cpp */,
			);
			path = presentation;
			sourceTree = "<group>";
		};
		26FDD2D7224AC3100090BDD5 /* av-coordinated-response-measure */ = {
			isa = PBXGroup;
			children = (
				26EE86BC2242E64900C08622 /* Model.h */,
			);
			path = "av-coordinated-response-measure";
			sourceTree = "<group>";
		};
/* End PBXGroup section */

/* Begin PBXHeadersBuildPhase section */
		2646F83521DFEA0400F378DE /* Headers */ = {
			isa = PBXHeadersBuildPhase;
			buildActionMask = 2147483647;
			files = (
				2646F84B21E017D100F378DE /* FileFilterDecorator.hpp in Headers */,
			);
			runOnlyForDeploymentPostprocessing = 0;
		};
		26A2237121DD3544007D6511 /* Headers */ = {
			isa = PBXHeadersBuildPhase;
			buildActionMask = 2147483647;
			files = (
				264E7E4F224E6F30008A595F /* OutputFilePathImpl.hpp in Headers */,
				2623A156224BD037007C99F2 /* OutputFileImpl.hpp in Headers */,
			);
			runOnlyForDeploymentPostprocessing = 0;
		};
		26A86BDF223AA71400210C00 /* Headers */ = {
			isa = PBXHeadersBuildPhase;
			buildActionMask = 2147483647;
			files = (
				26A86BEB223AA74A00210C00 /* RandomizedMaskerPlayer.hpp in Headers */,
			);
			runOnlyForDeploymentPostprocessing = 0;
		};
		26EE86C12242E98600C08622 /* Headers */ = {
			isa = PBXHeadersBuildPhase;
			buildActionMask = 2147483647;
			files = (
			);
			runOnlyForDeploymentPostprocessing = 0;
		};
		26FC6B1221DAA3D800289A0A /* Headers */ = {
			isa = PBXHeadersBuildPhase;
			buildActionMask = 2147483647;
			files = (
			);
			runOnlyForDeploymentPostprocessing = 0;
		};
/* End PBXHeadersBuildPhase section */

/* Begin PBXNativeTarget section */
		2646F83821DFEA0400F378DE /* stimulus-list */ = {
			isa = PBXNativeTarget;
			buildConfigurationList = 2646F83A21DFEA0400F378DE /* Build configuration list for PBXNativeTarget "stimulus-list" */;
			buildPhases = (
				2646F83521DFEA0400F378DE /* Headers */,
				2646F83621DFEA0400F378DE /* Sources */,
				2646F83721DFEA0400F378DE /* Frameworks */,
			);
			buildRules = (
			);
			dependencies = (
			);
			name = "stimulus-list";
			productName = "stimulus-list";
			productReference = 2646F83921DFEA0400F378DE /* libstimulus-list.dylib */;
			productType = "com.apple.product-type.library.dynamic";
		};
		26A2237421DD3544007D6511 /* recognition-test */ = {
			isa = PBXNativeTarget;
			buildConfigurationList = 26A2237621DD3544007D6511 /* Build configuration list for PBXNativeTarget "recognition-test" */;
			buildPhases = (
				26A2237121DD3544007D6511 /* Headers */,
				26A2237221DD3544007D6511 /* Sources */,
				26A2237321DD3544007D6511 /* Frameworks */,
			);
			buildRules = (
			);
			dependencies = (
			);
			name = "recognition-test";
			productName = "recognition-test";
			productReference = 26A2237521DD3544007D6511 /* librecognition-test.dylib */;
			productType = "com.apple.product-type.library.dynamic";
		};
		26A86BE2223AA71400210C00 /* masker-player */ = {
			isa = PBXNativeTarget;
			buildConfigurationList = 26A86BE4223AA71400210C00 /* Build configuration list for PBXNativeTarget "masker-player" */;
			buildPhases = (
				26A86BDF223AA71400210C00 /* Headers */,
				26A86BE0223AA71400210C00 /* Sources */,
				26A86BE1223AA71400210C00 /* Frameworks */,
			);
			buildRules = (
			);
			dependencies = (
			);
			name = "masker-player";
			productName = "masker-player";
			productReference = 26A86BE3223AA71400210C00 /* libmasker-player.dylib */;
			productType = "com.apple.product-type.library.dynamic";
		};
		26B81F2521DEB15700006FCB /* av-coordinated-response-measure */ = {
			isa = PBXNativeTarget;
			buildConfigurationList = 26B81F3421DEB15A00006FCB /* Build configuration list for PBXNativeTarget "av-coordinated-response-measure" */;
			buildPhases = (
				26B81F2221DEB15700006FCB /* Sources */,
				26B81F2321DEB15700006FCB /* Frameworks */,
				26B81F2421DEB15700006FCB /* Resources */,
			);
			buildRules = (
			);
			dependencies = (
			);
			name = "av-coordinated-response-measure";
			productName = "experimental-recognition-experiment";
			productReference = 26B81F2621DEB15700006FCB /* av-coordinated-response-measure.app */;
			productType = "com.apple.product-type.application";
		};
		26EE86C42242E98600C08622 /* stimulus-player */ = {
			isa = PBXNativeTarget;
			buildConfigurationList = 26EE86C62242E98700C08622 /* Build configuration list for PBXNativeTarget "stimulus-player" */;
			buildPhases = (
				26EE86C12242E98600C08622 /* Headers */,
				26EE86C22242E98600C08622 /* Sources */,
				26EE86C32242E98600C08622 /* Frameworks */,
			);
			buildRules = (
			);
			dependencies = (
			);
			name = "stimulus-player";
			productName = "stimulus-player";
			productReference = 26EE86C52242E98600C08622 /* libstimulus-player.dylib */;
			productType = "com.apple.product-type.library.dynamic";
		};
		26FC6B0221DA810C00289A0A /* google-tests */ = {
			isa = PBXNativeTarget;
			buildConfigurationList = 26FC6B0821DA810C00289A0A /* Build configuration list for PBXNativeTarget "google-tests" */;
			buildPhases = (
				26FC6AFF21DA810C00289A0A /* Sources */,
				26FC6B0021DA810C00289A0A /* Frameworks */,
				26FC6B0121DA810C00289A0A /* CopyFiles */,
			);
			buildRules = (
			);
			dependencies = (
			);
			name = "google-tests";
			productName = "google-tests";
			productReference = 26FC6B0321DA810C00289A0A /* google-tests */;
			productType = "com.apple.product-type.tool";
		};
		26FC6B1521DAA3D800289A0A /* presentation */ = {
			isa = PBXNativeTarget;
			buildConfigurationList = 26FC6B1721DAA3D800289A0A /* Build configuration list for PBXNativeTarget "presentation" */;
			buildPhases = (
				26FC6B1221DAA3D800289A0A /* Headers */,
				26FC6B1321DAA3D800289A0A /* Sources */,
				26FC6B1421DAA3D800289A0A /* Frameworks */,
			);
			buildRules = (
			);
			dependencies = (
			);
			name = presentation;
			productName = presentation;
			productReference = 26FC6B1621DAA3D800289A0A /* libpresentation.dylib */;
			productType = "com.apple.product-type.library.dynamic";
		};
/* End PBXNativeTarget section */

/* Begin PBXProject section */
		26FC6AF921DA80C900289A0A /* Project object */ = {
			isa = PBXProject;
			attributes = {
				LastUpgradeCheck = 1010;
				TargetAttributes = {
					2646F83821DFEA0400F378DE = {
						CreatedOnToolsVersion = 10.1;
					};
					26A2237421DD3544007D6511 = {
						CreatedOnToolsVersion = 10.1;
					};
					26A86BE2223AA71400210C00 = {
						CreatedOnToolsVersion = 10.1;
					};
					26B81F2521DEB15700006FCB = {
						CreatedOnToolsVersion = 10.1;
					};
					26EE86C42242E98600C08622 = {
						CreatedOnToolsVersion = 10.1;
					};
					26FC6B0221DA810C00289A0A = {
						CreatedOnToolsVersion = 10.1;
					};
					26FC6B1521DAA3D800289A0A = {
						CreatedOnToolsVersion = 10.1;
					};
				};
			};
			buildConfigurationList = 26FC6AFC21DA80C900289A0A /* Build configuration list for PBXProject "av-coordinated-response-measure" */;
			compatibilityVersion = "Xcode 9.3";
			developmentRegion = en;
			hasScannedForEncodings = 0;
			knownRegions = (
				en,
				Base,
			);
			mainGroup = 26FC6AF821DA80C900289A0A;
			productRefGroup = 26FC6B0421DA810C00289A0A /* Products */;
			projectDirPath = "";
			projectRoot = "";
			targets = (
				26FC6B0221DA810C00289A0A /* google-tests */,
				26FC6B1521DAA3D800289A0A /* presentation */,
				26A2237421DD3544007D6511 /* recognition-test */,
				26B81F2521DEB15700006FCB /* av-coordinated-response-measure */,
				2646F83821DFEA0400F378DE /* stimulus-list */,
				26A86BE2223AA71400210C00 /* masker-player */,
				26EE86C42242E98600C08622 /* stimulus-player */,
			);
		};
/* End PBXProject section */

/* Begin PBXResourcesBuildPhase section */
		26B81F2421DEB15700006FCB /* Resources */ = {
			isa = PBXResourcesBuildPhase;
			buildActionMask = 2147483647;
			files = (
			);
			runOnlyForDeploymentPostprocessing = 0;
		};
/* End PBXResourcesBuildPhase section */

/* Begin PBXSourcesBuildPhase section */
		2646F83621DFEA0400F378DE /* Sources */ = {
			isa = PBXSourcesBuildPhase;
			buildActionMask = 2147483647;
			files = (
				2646F84221DFEA7300F378DE /* RandomizedStimulusList.cpp in Sources */,
				2646F84A21E017D100F378DE /* FileFilterDecorator.cpp in Sources */,
			);
			runOnlyForDeploymentPostprocessing = 0;
		};
		26A2237221DD3544007D6511 /* Sources */ = {
			isa = PBXSourcesBuildPhase;
			buildActionMask = 2147483647;
			files = (
				2623A155224BD037007C99F2 /* OutputFileImpl.cpp in Sources */,
				26A2237921DD354A007D6511 /* RecognitionTestModel.cpp in Sources */,
				264E7E4E224E6F30008A595F /* OutputFilePathImpl.cpp in Sources */,
			);
			runOnlyForDeploymentPostprocessing = 0;
		};
		26A86BE0223AA71400210C00 /* Sources */ = {
			isa = PBXSourcesBuildPhase;
			buildActionMask = 2147483647;
			files = (
				26A86BEA223AA74A00210C00 /* RandomizedMaskerPlayer.cpp in Sources */,
			);
			runOnlyForDeploymentPostprocessing = 0;
		};
		26B81F2221DEB15700006FCB /* Sources */ = {
			isa = PBXSourcesBuildPhase;
			buildActionMask = 2147483647;
			files = (
				2614B5A5223824FB0083987B /* AvFoundationPlayers.mm in Sources */,
				2614B5A222381DF80083987B /* CocoaView.mm in Sources */,
				269C91942233204B00A80372 /* main.mm in Sources */,
			);
			runOnlyForDeploymentPostprocessing = 0;
		};
		26EE86C22242E98600C08622 /* Sources */ = {
			isa = PBXSourcesBuildPhase;
			buildActionMask = 2147483647;
			files = (
				26EE86C92242E99100C08622 /* TargetPlayerImpl.cpp in Sources */,
			);
			runOnlyForDeploymentPostprocessing = 0;
		};
		26FC6AFF21DA810C00289A0A /* Sources */ = {
			isa = PBXSourcesBuildPhase;
			buildActionMask = 2147483647;
			files = (
				26FDD2D6224AC0840090BDD5 /* OutputFileTests.cpp in Sources */,
				26FC6B0721DA810C00289A0A /* PresenterTests.cpp in Sources */,
				26EE86C02242E8DE00C08622 /* TargetPlayerImpl.cpp in Sources */,
				26A86BDE223A972200210C00 /* RandomizedMaskerPlayerTests.cpp in Sources */,
				26A2236C21DD2C75007D6511 /* RecognitionTestModelTests.cpp in Sources */,
				264E7E4B224E6467008A595F /* OutputFilePathTests.cpp in Sources */,
				2646F84021DFEA2300F378DE /* RandomizedStimulusList.cpp in Sources */,
				26EE86BB2242CFFB00C08622 /* TargetPlayerTests.cpp in Sources */,
				2646F83421DFDF5500F378DE /* RandomizedStimulusListTests.cpp in Sources */,
			);
			runOnlyForDeploymentPostprocessing = 0;
		};
		26FC6B1321DAA3D800289A0A /* Sources */ = {
			isa = PBXSourcesBuildPhase;
			buildActionMask = 2147483647;
			files = (
				26FC6B1B21DAA3F200289A0A /* Presenter.cpp in Sources */,
			);
			runOnlyForDeploymentPostprocessing = 0;
		};
/* End PBXSourcesBuildPhase section */

/* Begin XCBuildConfiguration section */
		2646F83B21DFEA0400F378DE /* Debug */ = {
			isa = XCBuildConfiguration;
			buildSettings = {
				ALWAYS_SEARCH_USER_PATHS = NO;
				CLANG_ANALYZER_NONNULL = YES;
				CLANG_ANALYZER_NUMBER_OBJECT_CONVERSION = YES_AGGRESSIVE;
				CLANG_CXX_LANGUAGE_STANDARD = "gnu++14";
				CLANG_CXX_LIBRARY = "libc++";
				CLANG_ENABLE_MODULES = YES;
				CLANG_ENABLE_OBJC_ARC = YES;
				CLANG_ENABLE_OBJC_WEAK = YES;
				CLANG_WARN_BLOCK_CAPTURE_AUTORELEASING = YES;
				CLANG_WARN_BOOL_CONVERSION = YES;
				CLANG_WARN_COMMA = YES;
				CLANG_WARN_CONSTANT_CONVERSION = YES;
				CLANG_WARN_DEPRECATED_OBJC_IMPLEMENTATIONS = YES;
				CLANG_WARN_DIRECT_OBJC_ISA_USAGE = YES_ERROR;
				CLANG_WARN_DOCUMENTATION_COMMENTS = YES;
				CLANG_WARN_EMPTY_BODY = YES;
				CLANG_WARN_ENUM_CONVERSION = YES;
				CLANG_WARN_INFINITE_RECURSION = YES;
				CLANG_WARN_INT_CONVERSION = YES;
				CLANG_WARN_NON_LITERAL_NULL_CONVERSION = YES;
				CLANG_WARN_OBJC_IMPLICIT_RETAIN_SELF = YES;
				CLANG_WARN_OBJC_LITERAL_CONVERSION = YES;
				CLANG_WARN_OBJC_ROOT_CLASS = YES_ERROR;
				CLANG_WARN_RANGE_LOOP_ANALYSIS = YES;
				CLANG_WARN_STRICT_PROTOTYPES = YES;
				CLANG_WARN_SUSPICIOUS_MOVE = YES;
				CLANG_WARN_UNGUARDED_AVAILABILITY = YES_AGGRESSIVE;
				CLANG_WARN_UNREACHABLE_CODE = YES;
				CLANG_WARN__DUPLICATE_METHOD_MATCH = YES;
				CODE_SIGN_IDENTITY = "-";
				CODE_SIGN_STYLE = Automatic;
				COPY_PHASE_STRIP = NO;
				DEBUG_INFORMATION_FORMAT = dwarf;
				DYLIB_COMPATIBILITY_VERSION = 1;
				DYLIB_CURRENT_VERSION = 1;
				ENABLE_STRICT_OBJC_MSGSEND = YES;
				ENABLE_TESTABILITY = YES;
				EXECUTABLE_PREFIX = lib;
				GCC_C_LANGUAGE_STANDARD = gnu11;
				GCC_DYNAMIC_NO_PIC = NO;
				GCC_NO_COMMON_BLOCKS = YES;
				GCC_OPTIMIZATION_LEVEL = 0;
				GCC_PREPROCESSOR_DEFINITIONS = (
					"DEBUG=1",
					"$(inherited)",
				);
				GCC_WARN_64_TO_32_BIT_CONVERSION = YES;
				GCC_WARN_ABOUT_RETURN_TYPE = YES_ERROR;
				GCC_WARN_UNDECLARED_SELECTOR = YES;
				GCC_WARN_UNINITIALIZED_AUTOS = YES_AGGRESSIVE;
				GCC_WARN_UNUSED_FUNCTION = YES;
				GCC_WARN_UNUSED_VARIABLE = YES;
				MACOSX_DEPLOYMENT_TARGET = 10.14;
				MTL_ENABLE_DEBUG_INFO = INCLUDE_SOURCE;
				MTL_FAST_MATH = YES;
				ONLY_ACTIVE_ARCH = YES;
				PRODUCT_NAME = "$(TARGET_NAME)";
				SDKROOT = macosx;
				SKIP_INSTALL = YES;
			};
			name = Debug;
		};
		2646F83C21DFEA0400F378DE /* Release */ = {
			isa = XCBuildConfiguration;
			buildSettings = {
				ALWAYS_SEARCH_USER_PATHS = NO;
				CLANG_ANALYZER_NONNULL = YES;
				CLANG_ANALYZER_NUMBER_OBJECT_CONVERSION = YES_AGGRESSIVE;
				CLANG_CXX_LANGUAGE_STANDARD = "gnu++14";
				CLANG_CXX_LIBRARY = "libc++";
				CLANG_ENABLE_MODULES = YES;
				CLANG_ENABLE_OBJC_ARC = YES;
				CLANG_ENABLE_OBJC_WEAK = YES;
				CLANG_WARN_BLOCK_CAPTURE_AUTORELEASING = YES;
				CLANG_WARN_BOOL_CONVERSION = YES;
				CLANG_WARN_COMMA = YES;
				CLANG_WARN_CONSTANT_CONVERSION = YES;
				CLANG_WARN_DEPRECATED_OBJC_IMPLEMENTATIONS = YES;
				CLANG_WARN_DIRECT_OBJC_ISA_USAGE = YES_ERROR;
				CLANG_WARN_DOCUMENTATION_COMMENTS = YES;
				CLANG_WARN_EMPTY_BODY = YES;
				CLANG_WARN_ENUM_CONVERSION = YES;
				CLANG_WARN_INFINITE_RECURSION = YES;
				CLANG_WARN_INT_CONVERSION = YES;
				CLANG_WARN_NON_LITERAL_NULL_CONVERSION = YES;
				CLANG_WARN_OBJC_IMPLICIT_RETAIN_SELF = YES;
				CLANG_WARN_OBJC_LITERAL_CONVERSION = YES;
				CLANG_WARN_OBJC_ROOT_CLASS = YES_ERROR;
				CLANG_WARN_RANGE_LOOP_ANALYSIS = YES;
				CLANG_WARN_STRICT_PROTOTYPES = YES;
				CLANG_WARN_SUSPICIOUS_MOVE = YES;
				CLANG_WARN_UNGUARDED_AVAILABILITY = YES_AGGRESSIVE;
				CLANG_WARN_UNREACHABLE_CODE = YES;
				CLANG_WARN__DUPLICATE_METHOD_MATCH = YES;
				CODE_SIGN_IDENTITY = "-";
				CODE_SIGN_STYLE = Automatic;
				COPY_PHASE_STRIP = NO;
				DEBUG_INFORMATION_FORMAT = "dwarf-with-dsym";
				DYLIB_COMPATIBILITY_VERSION = 1;
				DYLIB_CURRENT_VERSION = 1;
				ENABLE_NS_ASSERTIONS = NO;
				ENABLE_STRICT_OBJC_MSGSEND = YES;
				EXECUTABLE_PREFIX = lib;
				GCC_C_LANGUAGE_STANDARD = gnu11;
				GCC_NO_COMMON_BLOCKS = YES;
				GCC_WARN_64_TO_32_BIT_CONVERSION = YES;
				GCC_WARN_ABOUT_RETURN_TYPE = YES_ERROR;
				GCC_WARN_UNDECLARED_SELECTOR = YES;
				GCC_WARN_UNINITIALIZED_AUTOS = YES_AGGRESSIVE;
				GCC_WARN_UNUSED_FUNCTION = YES;
				GCC_WARN_UNUSED_VARIABLE = YES;
				MACOSX_DEPLOYMENT_TARGET = 10.14;
				MTL_ENABLE_DEBUG_INFO = NO;
				MTL_FAST_MATH = YES;
				PRODUCT_NAME = "$(TARGET_NAME)";
				SDKROOT = macosx;
				SKIP_INSTALL = YES;
			};
			name = Release;
		};
		26A2237721DD3544007D6511 /* Debug */ = {
			isa = XCBuildConfiguration;
			buildSettings = {
				ALWAYS_SEARCH_USER_PATHS = NO;
				CLANG_ANALYZER_NONNULL = YES;
				CLANG_ANALYZER_NUMBER_OBJECT_CONVERSION = YES_AGGRESSIVE;
				CLANG_CXX_LANGUAGE_STANDARD = "gnu++14";
				CLANG_CXX_LIBRARY = "libc++";
				CLANG_ENABLE_MODULES = YES;
				CLANG_ENABLE_OBJC_ARC = YES;
				CLANG_ENABLE_OBJC_WEAK = YES;
				CLANG_WARN_BLOCK_CAPTURE_AUTORELEASING = YES;
				CLANG_WARN_BOOL_CONVERSION = YES;
				CLANG_WARN_COMMA = YES;
				CLANG_WARN_CONSTANT_CONVERSION = YES;
				CLANG_WARN_DEPRECATED_OBJC_IMPLEMENTATIONS = YES;
				CLANG_WARN_DIRECT_OBJC_ISA_USAGE = YES_ERROR;
				CLANG_WARN_DOCUMENTATION_COMMENTS = YES;
				CLANG_WARN_EMPTY_BODY = YES;
				CLANG_WARN_ENUM_CONVERSION = YES;
				CLANG_WARN_INFINITE_RECURSION = YES;
				CLANG_WARN_INT_CONVERSION = YES;
				CLANG_WARN_NON_LITERAL_NULL_CONVERSION = YES;
				CLANG_WARN_OBJC_IMPLICIT_RETAIN_SELF = YES;
				CLANG_WARN_OBJC_LITERAL_CONVERSION = YES;
				CLANG_WARN_OBJC_ROOT_CLASS = YES_ERROR;
				CLANG_WARN_RANGE_LOOP_ANALYSIS = YES;
				CLANG_WARN_STRICT_PROTOTYPES = YES;
				CLANG_WARN_SUSPICIOUS_MOVE = YES;
				CLANG_WARN_UNGUARDED_AVAILABILITY = YES_AGGRESSIVE;
				CLANG_WARN_UNREACHABLE_CODE = YES;
				CLANG_WARN__DUPLICATE_METHOD_MATCH = YES;
				COPY_PHASE_STRIP = NO;
				DEBUG_INFORMATION_FORMAT = dwarf;
				DYLIB_COMPATIBILITY_VERSION = 1;
				DYLIB_CURRENT_VERSION = 1;
				ENABLE_STRICT_OBJC_MSGSEND = YES;
				ENABLE_TESTABILITY = YES;
				EXECUTABLE_PREFIX = lib;
				GCC_C_LANGUAGE_STANDARD = gnu11;
				GCC_DYNAMIC_NO_PIC = NO;
				GCC_NO_COMMON_BLOCKS = YES;
				GCC_OPTIMIZATION_LEVEL = 0;
				GCC_PREPROCESSOR_DEFINITIONS = (
					"DEBUG=1",
					"$(inherited)",
				);
				GCC_WARN_64_TO_32_BIT_CONVERSION = YES;
				GCC_WARN_ABOUT_RETURN_TYPE = YES_ERROR;
				GCC_WARN_UNDECLARED_SELECTOR = YES;
				GCC_WARN_UNINITIALIZED_AUTOS = YES_AGGRESSIVE;
				GCC_WARN_UNUSED_FUNCTION = YES;
				GCC_WARN_UNUSED_VARIABLE = YES;
				PRODUCT_NAME = "$(TARGET_NAME)";
				SKIP_INSTALL = YES;
			};
			name = Debug;
		};
		26A2237821DD3544007D6511 /* Release */ = {
			isa = XCBuildConfiguration;
			buildSettings = {
				ALWAYS_SEARCH_USER_PATHS = NO;
				CLANG_ANALYZER_NONNULL = YES;
				CLANG_ANALYZER_NUMBER_OBJECT_CONVERSION = YES_AGGRESSIVE;
				CLANG_CXX_LANGUAGE_STANDARD = "gnu++14";
				CLANG_CXX_LIBRARY = "libc++";
				CLANG_ENABLE_MODULES = YES;
				CLANG_ENABLE_OBJC_ARC = YES;
				CLANG_ENABLE_OBJC_WEAK = YES;
				CLANG_WARN_BLOCK_CAPTURE_AUTORELEASING = YES;
				CLANG_WARN_BOOL_CONVERSION = YES;
				CLANG_WARN_COMMA = YES;
				CLANG_WARN_CONSTANT_CONVERSION = YES;
				CLANG_WARN_DEPRECATED_OBJC_IMPLEMENTATIONS = YES;
				CLANG_WARN_DIRECT_OBJC_ISA_USAGE = YES_ERROR;
				CLANG_WARN_DOCUMENTATION_COMMENTS = YES;
				CLANG_WARN_EMPTY_BODY = YES;
				CLANG_WARN_ENUM_CONVERSION = YES;
				CLANG_WARN_INFINITE_RECURSION = YES;
				CLANG_WARN_INT_CONVERSION = YES;
				CLANG_WARN_NON_LITERAL_NULL_CONVERSION = YES;
				CLANG_WARN_OBJC_IMPLICIT_RETAIN_SELF = YES;
				CLANG_WARN_OBJC_LITERAL_CONVERSION = YES;
				CLANG_WARN_OBJC_ROOT_CLASS = YES_ERROR;
				CLANG_WARN_RANGE_LOOP_ANALYSIS = YES;
				CLANG_WARN_STRICT_PROTOTYPES = YES;
				CLANG_WARN_SUSPICIOUS_MOVE = YES;
				CLANG_WARN_UNGUARDED_AVAILABILITY = YES_AGGRESSIVE;
				CLANG_WARN_UNREACHABLE_CODE = YES;
				CLANG_WARN__DUPLICATE_METHOD_MATCH = YES;
				COPY_PHASE_STRIP = NO;
				DEBUG_INFORMATION_FORMAT = "dwarf-with-dsym";
				DYLIB_COMPATIBILITY_VERSION = 1;
				DYLIB_CURRENT_VERSION = 1;
				ENABLE_NS_ASSERTIONS = NO;
				ENABLE_STRICT_OBJC_MSGSEND = YES;
				EXECUTABLE_PREFIX = lib;
				GCC_C_LANGUAGE_STANDARD = gnu11;
				GCC_NO_COMMON_BLOCKS = YES;
				GCC_WARN_64_TO_32_BIT_CONVERSION = YES;
				GCC_WARN_ABOUT_RETURN_TYPE = YES_ERROR;
				GCC_WARN_UNDECLARED_SELECTOR = YES;
				GCC_WARN_UNINITIALIZED_AUTOS = YES_AGGRESSIVE;
				GCC_WARN_UNUSED_FUNCTION = YES;
				GCC_WARN_UNUSED_VARIABLE = YES;
				PRODUCT_NAME = "$(TARGET_NAME)";
				SKIP_INSTALL = YES;
			};
			name = Release;
		};
		26A86BE5223AA71400210C00 /* Debug */ = {
			isa = XCBuildConfiguration;
			buildSettings = {
				ALWAYS_SEARCH_USER_PATHS = NO;
				CLANG_ANALYZER_NONNULL = YES;
				CLANG_ANALYZER_NUMBER_OBJECT_CONVERSION = YES_AGGRESSIVE;
				CLANG_CXX_LANGUAGE_STANDARD = "gnu++14";
				CLANG_CXX_LIBRARY = "libc++";
				CLANG_ENABLE_MODULES = YES;
				CLANG_ENABLE_OBJC_ARC = YES;
				CLANG_ENABLE_OBJC_WEAK = YES;
				CLANG_WARN_BLOCK_CAPTURE_AUTORELEASING = YES;
				CLANG_WARN_BOOL_CONVERSION = YES;
				CLANG_WARN_COMMA = YES;
				CLANG_WARN_CONSTANT_CONVERSION = YES;
				CLANG_WARN_DEPRECATED_OBJC_IMPLEMENTATIONS = YES;
				CLANG_WARN_DIRECT_OBJC_ISA_USAGE = YES_ERROR;
				CLANG_WARN_DOCUMENTATION_COMMENTS = YES;
				CLANG_WARN_EMPTY_BODY = YES;
				CLANG_WARN_ENUM_CONVERSION = YES;
				CLANG_WARN_INFINITE_RECURSION = YES;
				CLANG_WARN_INT_CONVERSION = YES;
				CLANG_WARN_NON_LITERAL_NULL_CONVERSION = YES;
				CLANG_WARN_OBJC_IMPLICIT_RETAIN_SELF = YES;
				CLANG_WARN_OBJC_LITERAL_CONVERSION = YES;
				CLANG_WARN_OBJC_ROOT_CLASS = YES_ERROR;
				CLANG_WARN_RANGE_LOOP_ANALYSIS = YES;
				CLANG_WARN_STRICT_PROTOTYPES = YES;
				CLANG_WARN_SUSPICIOUS_MOVE = YES;
				CLANG_WARN_UNGUARDED_AVAILABILITY = YES_AGGRESSIVE;
				CLANG_WARN_UNREACHABLE_CODE = YES;
				CLANG_WARN__DUPLICATE_METHOD_MATCH = YES;
				CODE_SIGN_IDENTITY = "-";
				CODE_SIGN_STYLE = Automatic;
				COPY_PHASE_STRIP = NO;
				DEBUG_INFORMATION_FORMAT = dwarf;
				DYLIB_COMPATIBILITY_VERSION = 1;
				DYLIB_CURRENT_VERSION = 1;
				ENABLE_STRICT_OBJC_MSGSEND = YES;
				ENABLE_TESTABILITY = YES;
				EXECUTABLE_PREFIX = lib;
				GCC_C_LANGUAGE_STANDARD = gnu11;
				GCC_DYNAMIC_NO_PIC = NO;
				GCC_NO_COMMON_BLOCKS = YES;
				GCC_OPTIMIZATION_LEVEL = 0;
				GCC_PREPROCESSOR_DEFINITIONS = (
					"DEBUG=1",
					"$(inherited)",
				);
				GCC_WARN_64_TO_32_BIT_CONVERSION = YES;
				GCC_WARN_ABOUT_RETURN_TYPE = YES_ERROR;
				GCC_WARN_UNDECLARED_SELECTOR = YES;
				GCC_WARN_UNINITIALIZED_AUTOS = YES_AGGRESSIVE;
				GCC_WARN_UNUSED_FUNCTION = YES;
				GCC_WARN_UNUSED_VARIABLE = YES;
				MACOSX_DEPLOYMENT_TARGET = 10.14;
				MTL_ENABLE_DEBUG_INFO = INCLUDE_SOURCE;
				MTL_FAST_MATH = YES;
				ONLY_ACTIVE_ARCH = YES;
				PRODUCT_NAME = "$(TARGET_NAME)";
				SDKROOT = macosx;
				SKIP_INSTALL = YES;
			};
			name = Debug;
		};
		26A86BE6223AA71400210C00 /* Release */ = {
			isa = XCBuildConfiguration;
			buildSettings = {
				ALWAYS_SEARCH_USER_PATHS = NO;
				CLANG_ANALYZER_NONNULL = YES;
				CLANG_ANALYZER_NUMBER_OBJECT_CONVERSION = YES_AGGRESSIVE;
				CLANG_CXX_LANGUAGE_STANDARD = "gnu++14";
				CLANG_CXX_LIBRARY = "libc++";
				CLANG_ENABLE_MODULES = YES;
				CLANG_ENABLE_OBJC_ARC = YES;
				CLANG_ENABLE_OBJC_WEAK = YES;
				CLANG_WARN_BLOCK_CAPTURE_AUTORELEASING = YES;
				CLANG_WARN_BOOL_CONVERSION = YES;
				CLANG_WARN_COMMA = YES;
				CLANG_WARN_CONSTANT_CONVERSION = YES;
				CLANG_WARN_DEPRECATED_OBJC_IMPLEMENTATIONS = YES;
				CLANG_WARN_DIRECT_OBJC_ISA_USAGE = YES_ERROR;
				CLANG_WARN_DOCUMENTATION_COMMENTS = YES;
				CLANG_WARN_EMPTY_BODY = YES;
				CLANG_WARN_ENUM_CONVERSION = YES;
				CLANG_WARN_INFINITE_RECURSION = YES;
				CLANG_WARN_INT_CONVERSION = YES;
				CLANG_WARN_NON_LITERAL_NULL_CONVERSION = YES;
				CLANG_WARN_OBJC_IMPLICIT_RETAIN_SELF = YES;
				CLANG_WARN_OBJC_LITERAL_CONVERSION = YES;
				CLANG_WARN_OBJC_ROOT_CLASS = YES_ERROR;
				CLANG_WARN_RANGE_LOOP_ANALYSIS = YES;
				CLANG_WARN_STRICT_PROTOTYPES = YES;
				CLANG_WARN_SUSPICIOUS_MOVE = YES;
				CLANG_WARN_UNGUARDED_AVAILABILITY = YES_AGGRESSIVE;
				CLANG_WARN_UNREACHABLE_CODE = YES;
				CLANG_WARN__DUPLICATE_METHOD_MATCH = YES;
				CODE_SIGN_IDENTITY = "-";
				CODE_SIGN_STYLE = Automatic;
				COPY_PHASE_STRIP = NO;
				DEBUG_INFORMATION_FORMAT = "dwarf-with-dsym";
				DYLIB_COMPATIBILITY_VERSION = 1;
				DYLIB_CURRENT_VERSION = 1;
				ENABLE_NS_ASSERTIONS = NO;
				ENABLE_STRICT_OBJC_MSGSEND = YES;
				EXECUTABLE_PREFIX = lib;
				GCC_C_LANGUAGE_STANDARD = gnu11;
				GCC_NO_COMMON_BLOCKS = YES;
				GCC_WARN_64_TO_32_BIT_CONVERSION = YES;
				GCC_WARN_ABOUT_RETURN_TYPE = YES_ERROR;
				GCC_WARN_UNDECLARED_SELECTOR = YES;
				GCC_WARN_UNINITIALIZED_AUTOS = YES_AGGRESSIVE;
				GCC_WARN_UNUSED_FUNCTION = YES;
				GCC_WARN_UNUSED_VARIABLE = YES;
				MACOSX_DEPLOYMENT_TARGET = 10.14;
				MTL_ENABLE_DEBUG_INFO = NO;
				MTL_FAST_MATH = YES;
				PRODUCT_NAME = "$(TARGET_NAME)";
				SDKROOT = macosx;
				SKIP_INSTALL = YES;
			};
			name = Release;
		};
		26B81F3521DEB15A00006FCB /* Debug */ = {
			isa = XCBuildConfiguration;
			buildSettings = {
				ALWAYS_SEARCH_USER_PATHS = NO;
				ASSETCATALOG_COMPILER_APPICON_NAME = AppIcon;
				CLANG_ANALYZER_NONNULL = YES;
				CLANG_ANALYZER_NUMBER_OBJECT_CONVERSION = YES_AGGRESSIVE;
				CLANG_CXX_LANGUAGE_STANDARD = "c++17";
				CLANG_CXX_LIBRARY = "libc++";
				CLANG_ENABLE_MODULES = YES;
				CLANG_ENABLE_OBJC_ARC = YES;
				CLANG_ENABLE_OBJC_WEAK = YES;
				CLANG_WARN_BLOCK_CAPTURE_AUTORELEASING = YES;
				CLANG_WARN_BOOL_CONVERSION = YES;
				CLANG_WARN_COMMA = YES;
				CLANG_WARN_CONSTANT_CONVERSION = YES;
				CLANG_WARN_DEPRECATED_OBJC_IMPLEMENTATIONS = YES;
				CLANG_WARN_DIRECT_OBJC_ISA_USAGE = YES_ERROR;
				CLANG_WARN_DOCUMENTATION_COMMENTS = YES;
				CLANG_WARN_EMPTY_BODY = YES;
				CLANG_WARN_ENUM_CONVERSION = YES;
				CLANG_WARN_INFINITE_RECURSION = YES;
				CLANG_WARN_INT_CONVERSION = YES;
				CLANG_WARN_NON_LITERAL_NULL_CONVERSION = YES;
				CLANG_WARN_OBJC_IMPLICIT_RETAIN_SELF = YES;
				CLANG_WARN_OBJC_LITERAL_CONVERSION = YES;
				CLANG_WARN_OBJC_ROOT_CLASS = YES_ERROR;
				CLANG_WARN_RANGE_LOOP_ANALYSIS = YES;
				CLANG_WARN_STRICT_PROTOTYPES = YES;
				CLANG_WARN_SUSPICIOUS_MOVE = YES;
				CLANG_WARN_UNGUARDED_AVAILABILITY = YES_AGGRESSIVE;
				CLANG_WARN_UNREACHABLE_CODE = YES;
				CLANG_WARN__DUPLICATE_METHOD_MATCH = YES;
				CODE_SIGN_ENTITLEMENTS = "";
				CODE_SIGN_IDENTITY = "-";
				CODE_SIGN_STYLE = Automatic;
				COMBINE_HIDPI_IMAGES = YES;
				COPY_PHASE_STRIP = NO;
				DEBUG_INFORMATION_FORMAT = dwarf;
				ENABLE_STRICT_OBJC_MSGSEND = YES;
				ENABLE_TESTABILITY = YES;
				GCC_C_LANGUAGE_STANDARD = gnu11;
				GCC_DYNAMIC_NO_PIC = NO;
				GCC_ENABLE_CPP_RTTI = NO;
				GCC_NO_COMMON_BLOCKS = YES;
				GCC_OPTIMIZATION_LEVEL = 0;
				GCC_PREPROCESSOR_DEFINITIONS = (
					"DEBUG=1",
					"$(inherited)",
				);
				GCC_WARN_64_TO_32_BIT_CONVERSION = YES;
				GCC_WARN_ABOUT_RETURN_TYPE = YES_ERROR;
				GCC_WARN_UNDECLARED_SELECTOR = YES;
				GCC_WARN_UNINITIALIZED_AUTOS = YES_AGGRESSIVE;
				GCC_WARN_UNUSED_FUNCTION = YES;
				GCC_WARN_UNUSED_VARIABLE = YES;
				LD_RUNPATH_SEARCH_PATHS = (
					"$(inherited)",
					"@executable_path/../Frameworks",
				);
				MACOSX_DEPLOYMENT_TARGET = 10.14;
				MTL_ENABLE_DEBUG_INFO = INCLUDE_SOURCE;
				MTL_FAST_MATH = YES;
				ONLY_ACTIVE_ARCH = YES;
				PRODUCT_BUNDLE_IDENTIFIER = "btnrh.av-coordinated-response-measure";
				PRODUCT_NAME = "av-coordinated-response-measure";
				SDKROOT = macosx;
			};
			name = Debug;
		};
		26B81F3621DEB15A00006FCB /* Release */ = {
			isa = XCBuildConfiguration;
			buildSettings = {
				ALWAYS_SEARCH_USER_PATHS = NO;
				ASSETCATALOG_COMPILER_APPICON_NAME = AppIcon;
				CLANG_ANALYZER_NONNULL = YES;
				CLANG_ANALYZER_NUMBER_OBJECT_CONVERSION = YES_AGGRESSIVE;
				CLANG_CXX_LANGUAGE_STANDARD = "c++17";
				CLANG_CXX_LIBRARY = "libc++";
				CLANG_ENABLE_MODULES = YES;
				CLANG_ENABLE_OBJC_ARC = YES;
				CLANG_ENABLE_OBJC_WEAK = YES;
				CLANG_WARN_BLOCK_CAPTURE_AUTORELEASING = YES;
				CLANG_WARN_BOOL_CONVERSION = YES;
				CLANG_WARN_COMMA = YES;
				CLANG_WARN_CONSTANT_CONVERSION = YES;
				CLANG_WARN_DEPRECATED_OBJC_IMPLEMENTATIONS = YES;
				CLANG_WARN_DIRECT_OBJC_ISA_USAGE = YES_ERROR;
				CLANG_WARN_DOCUMENTATION_COMMENTS = YES;
				CLANG_WARN_EMPTY_BODY = YES;
				CLANG_WARN_ENUM_CONVERSION = YES;
				CLANG_WARN_INFINITE_RECURSION = YES;
				CLANG_WARN_INT_CONVERSION = YES;
				CLANG_WARN_NON_LITERAL_NULL_CONVERSION = YES;
				CLANG_WARN_OBJC_IMPLICIT_RETAIN_SELF = YES;
				CLANG_WARN_OBJC_LITERAL_CONVERSION = YES;
				CLANG_WARN_OBJC_ROOT_CLASS = YES_ERROR;
				CLANG_WARN_RANGE_LOOP_ANALYSIS = YES;
				CLANG_WARN_STRICT_PROTOTYPES = YES;
				CLANG_WARN_SUSPICIOUS_MOVE = YES;
				CLANG_WARN_UNGUARDED_AVAILABILITY = YES_AGGRESSIVE;
				CLANG_WARN_UNREACHABLE_CODE = YES;
				CLANG_WARN__DUPLICATE_METHOD_MATCH = YES;
				CODE_SIGN_ENTITLEMENTS = "";
				CODE_SIGN_IDENTITY = "-";
				CODE_SIGN_STYLE = Automatic;
				COMBINE_HIDPI_IMAGES = YES;
				COPY_PHASE_STRIP = NO;
				DEBUG_INFORMATION_FORMAT = "dwarf-with-dsym";
				ENABLE_NS_ASSERTIONS = NO;
				ENABLE_STRICT_OBJC_MSGSEND = YES;
				GCC_C_LANGUAGE_STANDARD = gnu11;
				GCC_ENABLE_CPP_RTTI = NO;
				GCC_NO_COMMON_BLOCKS = YES;
				GCC_WARN_64_TO_32_BIT_CONVERSION = YES;
				GCC_WARN_ABOUT_RETURN_TYPE = YES_ERROR;
				GCC_WARN_UNDECLARED_SELECTOR = YES;
				GCC_WARN_UNINITIALIZED_AUTOS = YES_AGGRESSIVE;
				GCC_WARN_UNUSED_FUNCTION = YES;
				GCC_WARN_UNUSED_VARIABLE = YES;
				LD_RUNPATH_SEARCH_PATHS = (
					"$(inherited)",
					"@executable_path/../Frameworks",
				);
				MACOSX_DEPLOYMENT_TARGET = 10.14;
				MTL_ENABLE_DEBUG_INFO = NO;
				MTL_FAST_MATH = YES;
				PRODUCT_BUNDLE_IDENTIFIER = "btnrh.av-coordinated-response-measure";
				PRODUCT_NAME = "av-coordinated-response-measure";
				SDKROOT = macosx;
			};
			name = Release;
		};
		26EE86C72242E98700C08622 /* Debug */ = {
			isa = XCBuildConfiguration;
			buildSettings = {
				ALWAYS_SEARCH_USER_PATHS = NO;
				CLANG_ANALYZER_NONNULL = YES;
				CLANG_ANALYZER_NUMBER_OBJECT_CONVERSION = YES_AGGRESSIVE;
				CLANG_CXX_LANGUAGE_STANDARD = "gnu++14";
				CLANG_CXX_LIBRARY = "libc++";
				CLANG_ENABLE_MODULES = YES;
				CLANG_ENABLE_OBJC_ARC = YES;
				CLANG_ENABLE_OBJC_WEAK = YES;
				CLANG_WARN_BLOCK_CAPTURE_AUTORELEASING = YES;
				CLANG_WARN_BOOL_CONVERSION = YES;
				CLANG_WARN_COMMA = YES;
				CLANG_WARN_CONSTANT_CONVERSION = YES;
				CLANG_WARN_DEPRECATED_OBJC_IMPLEMENTATIONS = YES;
				CLANG_WARN_DIRECT_OBJC_ISA_USAGE = YES_ERROR;
				CLANG_WARN_DOCUMENTATION_COMMENTS = YES;
				CLANG_WARN_EMPTY_BODY = YES;
				CLANG_WARN_ENUM_CONVERSION = YES;
				CLANG_WARN_INFINITE_RECURSION = YES;
				CLANG_WARN_INT_CONVERSION = YES;
				CLANG_WARN_NON_LITERAL_NULL_CONVERSION = YES;
				CLANG_WARN_OBJC_IMPLICIT_RETAIN_SELF = YES;
				CLANG_WARN_OBJC_LITERAL_CONVERSION = YES;
				CLANG_WARN_OBJC_ROOT_CLASS = YES_ERROR;
				CLANG_WARN_RANGE_LOOP_ANALYSIS = YES;
				CLANG_WARN_STRICT_PROTOTYPES = YES;
				CLANG_WARN_SUSPICIOUS_MOVE = YES;
				CLANG_WARN_UNGUARDED_AVAILABILITY = YES_AGGRESSIVE;
				CLANG_WARN_UNREACHABLE_CODE = YES;
				CLANG_WARN__DUPLICATE_METHOD_MATCH = YES;
				CODE_SIGN_IDENTITY = "-";
				CODE_SIGN_STYLE = Automatic;
				COPY_PHASE_STRIP = NO;
				DEBUG_INFORMATION_FORMAT = dwarf;
				DYLIB_COMPATIBILITY_VERSION = 1;
				DYLIB_CURRENT_VERSION = 1;
				ENABLE_STRICT_OBJC_MSGSEND = YES;
				ENABLE_TESTABILITY = YES;
				EXECUTABLE_PREFIX = lib;
				GCC_C_LANGUAGE_STANDARD = gnu11;
				GCC_DYNAMIC_NO_PIC = NO;
				GCC_NO_COMMON_BLOCKS = YES;
				GCC_OPTIMIZATION_LEVEL = 0;
				GCC_PREPROCESSOR_DEFINITIONS = (
					"DEBUG=1",
					"$(inherited)",
				);
				GCC_WARN_64_TO_32_BIT_CONVERSION = YES;
				GCC_WARN_ABOUT_RETURN_TYPE = YES_ERROR;
				GCC_WARN_UNDECLARED_SELECTOR = YES;
				GCC_WARN_UNINITIALIZED_AUTOS = YES_AGGRESSIVE;
				GCC_WARN_UNUSED_FUNCTION = YES;
				GCC_WARN_UNUSED_VARIABLE = YES;
				MACOSX_DEPLOYMENT_TARGET = 10.14;
				MTL_ENABLE_DEBUG_INFO = INCLUDE_SOURCE;
				MTL_FAST_MATH = YES;
				ONLY_ACTIVE_ARCH = YES;
				PRODUCT_NAME = "$(TARGET_NAME)";
				SDKROOT = macosx;
				SKIP_INSTALL = YES;
			};
			name = Debug;
		};
		26EE86C82242E98700C08622 /* Release */ = {
			isa = XCBuildConfiguration;
			buildSettings = {
				ALWAYS_SEARCH_USER_PATHS = NO;
				CLANG_ANALYZER_NONNULL = YES;
				CLANG_ANALYZER_NUMBER_OBJECT_CONVERSION = YES_AGGRESSIVE;
				CLANG_CXX_LANGUAGE_STANDARD = "gnu++14";
				CLANG_CXX_LIBRARY = "libc++";
				CLANG_ENABLE_MODULES = YES;
				CLANG_ENABLE_OBJC_ARC = YES;
				CLANG_ENABLE_OBJC_WEAK = YES;
				CLANG_WARN_BLOCK_CAPTURE_AUTORELEASING = YES;
				CLANG_WARN_BOOL_CONVERSION = YES;
				CLANG_WARN_COMMA = YES;
				CLANG_WARN_CONSTANT_CONVERSION = YES;
				CLANG_WARN_DEPRECATED_OBJC_IMPLEMENTATIONS = YES;
				CLANG_WARN_DIRECT_OBJC_ISA_USAGE = YES_ERROR;
				CLANG_WARN_DOCUMENTATION_COMMENTS = YES;
				CLANG_WARN_EMPTY_BODY = YES;
				CLANG_WARN_ENUM_CONVERSION = YES;
				CLANG_WARN_INFINITE_RECURSION = YES;
				CLANG_WARN_INT_CONVERSION = YES;
				CLANG_WARN_NON_LITERAL_NULL_CONVERSION = YES;
				CLANG_WARN_OBJC_IMPLICIT_RETAIN_SELF = YES;
				CLANG_WARN_OBJC_LITERAL_CONVERSION = YES;
				CLANG_WARN_OBJC_ROOT_CLASS = YES_ERROR;
				CLANG_WARN_RANGE_LOOP_ANALYSIS = YES;
				CLANG_WARN_STRICT_PROTOTYPES = YES;
				CLANG_WARN_SUSPICIOUS_MOVE = YES;
				CLANG_WARN_UNGUARDED_AVAILABILITY = YES_AGGRESSIVE;
				CLANG_WARN_UNREACHABLE_CODE = YES;
				CLANG_WARN__DUPLICATE_METHOD_MATCH = YES;
				CODE_SIGN_IDENTITY = "-";
				CODE_SIGN_STYLE = Automatic;
				COPY_PHASE_STRIP = NO;
				DEBUG_INFORMATION_FORMAT = "dwarf-with-dsym";
				DYLIB_COMPATIBILITY_VERSION = 1;
				DYLIB_CURRENT_VERSION = 1;
				ENABLE_NS_ASSERTIONS = NO;
				ENABLE_STRICT_OBJC_MSGSEND = YES;
				EXECUTABLE_PREFIX = lib;
				GCC_C_LANGUAGE_STANDARD = gnu11;
				GCC_NO_COMMON_BLOCKS = YES;
				GCC_WARN_64_TO_32_BIT_CONVERSION = YES;
				GCC_WARN_ABOUT_RETURN_TYPE = YES_ERROR;
				GCC_WARN_UNDECLARED_SELECTOR = YES;
				GCC_WARN_UNINITIALIZED_AUTOS = YES_AGGRESSIVE;
				GCC_WARN_UNUSED_FUNCTION = YES;
				GCC_WARN_UNUSED_VARIABLE = YES;
				MACOSX_DEPLOYMENT_TARGET = 10.14;
				MTL_ENABLE_DEBUG_INFO = NO;
				MTL_FAST_MATH = YES;
				PRODUCT_NAME = "$(TARGET_NAME)";
				SDKROOT = macosx;
				SKIP_INSTALL = YES;
			};
			name = Release;
		};
		26FC6AFD21DA80C900289A0A /* Debug */ = {
			isa = XCBuildConfiguration;
			buildSettings = {
				CLANG_CXX_LANGUAGE_STANDARD = "c++17";
				GCC_C_LANGUAGE_STANDARD = "compiler-default";
				HEADER_SEARCH_PATHS = "$(SRCROOT)";
				WARNING_CFLAGS = (
					"-Weverything",
					"-Wno-c++98-compat",
					"-Wno-c++98-compat-pedantic",
					"-isystem",
					/usr/local/include,
					"-Wno-global-constructors",
					"-Wno-padded",
					"-Wno-weak-vtables",
					"-Werror",
					"-Wno-unused-private-field",
					"-Wno-objc-messaging-id",
					"-Wno-direct-ivar-access",
				);
			};
			name = Debug;
		};
		26FC6AFE21DA80C900289A0A /* Release */ = {
			isa = XCBuildConfiguration;
			buildSettings = {
				CLANG_CXX_LANGUAGE_STANDARD = "c++17";
				GCC_C_LANGUAGE_STANDARD = "compiler-default";
				HEADER_SEARCH_PATHS = "$(SRCROOT)";
				WARNING_CFLAGS = (
					"-Weverything",
					"-Wno-c++98-compat",
					"-Wno-c++98-compat-pedantic",
					"-isystem",
					/usr/local/include,
					"-Wno-global-constructors",
					"-Wno-padded",
					"-Wno-weak-vtables",
					"-Werror",
					"-Wno-unused-private-field",
					"-Wno-objc-messaging-id",
					"-Wno-direct-ivar-access",
				);
			};
			name = Release;
		};
		26FC6B0921DA810C00289A0A /* Debug */ = {
			isa = XCBuildConfiguration;
			buildSettings = {
				ALWAYS_SEARCH_USER_PATHS = NO;
				CLANG_ANALYZER_NONNULL = YES;
				CLANG_ANALYZER_NUMBER_OBJECT_CONVERSION = YES_AGGRESSIVE;
				CLANG_ENABLE_MODULES = YES;
				CLANG_ENABLE_OBJC_ARC = YES;
				CLANG_ENABLE_OBJC_WEAK = YES;
				CLANG_WARN_BLOCK_CAPTURE_AUTORELEASING = YES;
				CLANG_WARN_BOOL_CONVERSION = YES;
				CLANG_WARN_COMMA = YES;
				CLANG_WARN_CONSTANT_CONVERSION = YES;
				CLANG_WARN_DEPRECATED_OBJC_IMPLEMENTATIONS = YES;
				CLANG_WARN_DIRECT_OBJC_ISA_USAGE = YES_ERROR;
				CLANG_WARN_DOCUMENTATION_COMMENTS = YES;
				CLANG_WARN_EMPTY_BODY = YES;
				CLANG_WARN_ENUM_CONVERSION = YES;
				CLANG_WARN_INFINITE_RECURSION = YES;
				CLANG_WARN_INT_CONVERSION = YES;
				CLANG_WARN_NON_LITERAL_NULL_CONVERSION = YES;
				CLANG_WARN_OBJC_IMPLICIT_RETAIN_SELF = YES;
				CLANG_WARN_OBJC_LITERAL_CONVERSION = YES;
				CLANG_WARN_OBJC_ROOT_CLASS = YES_ERROR;
				CLANG_WARN_RANGE_LOOP_ANALYSIS = YES;
				CLANG_WARN_STRICT_PROTOTYPES = YES;
				CLANG_WARN_SUSPICIOUS_MOVE = YES;
				CLANG_WARN_UNGUARDED_AVAILABILITY = YES_AGGRESSIVE;
				CLANG_WARN_UNREACHABLE_CODE = YES;
				CLANG_WARN__DUPLICATE_METHOD_MATCH = YES;
				COPY_PHASE_STRIP = NO;
				DEBUG_INFORMATION_FORMAT = dwarf;
				ENABLE_STRICT_OBJC_MSGSEND = YES;
				ENABLE_TESTABILITY = YES;
				GCC_C_LANGUAGE_STANDARD = gnu11;
				GCC_DYNAMIC_NO_PIC = NO;
				GCC_NO_COMMON_BLOCKS = YES;
				GCC_OPTIMIZATION_LEVEL = 0;
				GCC_PREPROCESSOR_DEFINITIONS = (
					"DEBUG=1",
					"$(inherited)",
				);
				GCC_WARN_64_TO_32_BIT_CONVERSION = YES;
				GCC_WARN_ABOUT_RETURN_TYPE = YES_ERROR;
				GCC_WARN_UNDECLARED_SELECTOR = YES;
				GCC_WARN_UNINITIALIZED_AUTOS = YES_AGGRESSIVE;
				GCC_WARN_UNUSED_FUNCTION = YES;
				GCC_WARN_UNUSED_VARIABLE = YES;
				LIBRARY_SEARCH_PATHS = /usr/local/lib;
				OTHER_LDFLAGS = "";
				PRODUCT_NAME = "$(TARGET_NAME)";
			};
			name = Debug;
		};
		26FC6B0A21DA810C00289A0A /* Release */ = {
			isa = XCBuildConfiguration;
			buildSettings = {
				ALWAYS_SEARCH_USER_PATHS = NO;
				CLANG_ANALYZER_NONNULL = YES;
				CLANG_ANALYZER_NUMBER_OBJECT_CONVERSION = YES_AGGRESSIVE;
				CLANG_ENABLE_MODULES = YES;
				CLANG_ENABLE_OBJC_ARC = YES;
				CLANG_ENABLE_OBJC_WEAK = YES;
				CLANG_WARN_BLOCK_CAPTURE_AUTORELEASING = YES;
				CLANG_WARN_BOOL_CONVERSION = YES;
				CLANG_WARN_COMMA = YES;
				CLANG_WARN_CONSTANT_CONVERSION = YES;
				CLANG_WARN_DEPRECATED_OBJC_IMPLEMENTATIONS = YES;
				CLANG_WARN_DIRECT_OBJC_ISA_USAGE = YES_ERROR;
				CLANG_WARN_DOCUMENTATION_COMMENTS = YES;
				CLANG_WARN_EMPTY_BODY = YES;
				CLANG_WARN_ENUM_CONVERSION = YES;
				CLANG_WARN_INFINITE_RECURSION = YES;
				CLANG_WARN_INT_CONVERSION = YES;
				CLANG_WARN_NON_LITERAL_NULL_CONVERSION = YES;
				CLANG_WARN_OBJC_IMPLICIT_RETAIN_SELF = YES;
				CLANG_WARN_OBJC_LITERAL_CONVERSION = YES;
				CLANG_WARN_OBJC_ROOT_CLASS = YES_ERROR;
				CLANG_WARN_RANGE_LOOP_ANALYSIS = YES;
				CLANG_WARN_STRICT_PROTOTYPES = YES;
				CLANG_WARN_SUSPICIOUS_MOVE = YES;
				CLANG_WARN_UNGUARDED_AVAILABILITY = YES_AGGRESSIVE;
				CLANG_WARN_UNREACHABLE_CODE = YES;
				CLANG_WARN__DUPLICATE_METHOD_MATCH = YES;
				COPY_PHASE_STRIP = NO;
				DEBUG_INFORMATION_FORMAT = "dwarf-with-dsym";
				ENABLE_NS_ASSERTIONS = NO;
				ENABLE_STRICT_OBJC_MSGSEND = YES;
				GCC_C_LANGUAGE_STANDARD = gnu11;
				GCC_NO_COMMON_BLOCKS = YES;
				GCC_WARN_64_TO_32_BIT_CONVERSION = YES;
				GCC_WARN_ABOUT_RETURN_TYPE = YES_ERROR;
				GCC_WARN_UNDECLARED_SELECTOR = YES;
				GCC_WARN_UNINITIALIZED_AUTOS = YES_AGGRESSIVE;
				GCC_WARN_UNUSED_FUNCTION = YES;
				GCC_WARN_UNUSED_VARIABLE = YES;
				LIBRARY_SEARCH_PATHS = /usr/local/lib;
				OTHER_LDFLAGS = "";
				PRODUCT_NAME = "$(TARGET_NAME)";
			};
			name = Release;
		};
		26FC6B1821DAA3D800289A0A /* Debug */ = {
			isa = XCBuildConfiguration;
			buildSettings = {
				ALWAYS_SEARCH_USER_PATHS = NO;
				CLANG_ANALYZER_NONNULL = YES;
				CLANG_ANALYZER_NUMBER_OBJECT_CONVERSION = YES_AGGRESSIVE;
				CLANG_ENABLE_MODULES = YES;
				CLANG_ENABLE_OBJC_ARC = YES;
				CLANG_ENABLE_OBJC_WEAK = YES;
				CLANG_WARN_BLOCK_CAPTURE_AUTORELEASING = YES;
				CLANG_WARN_BOOL_CONVERSION = YES;
				CLANG_WARN_COMMA = YES;
				CLANG_WARN_CONSTANT_CONVERSION = YES;
				CLANG_WARN_DEPRECATED_OBJC_IMPLEMENTATIONS = YES;
				CLANG_WARN_DIRECT_OBJC_ISA_USAGE = YES_ERROR;
				CLANG_WARN_DOCUMENTATION_COMMENTS = YES;
				CLANG_WARN_EMPTY_BODY = YES;
				CLANG_WARN_ENUM_CONVERSION = YES;
				CLANG_WARN_INFINITE_RECURSION = YES;
				CLANG_WARN_INT_CONVERSION = YES;
				CLANG_WARN_NON_LITERAL_NULL_CONVERSION = YES;
				CLANG_WARN_OBJC_IMPLICIT_RETAIN_SELF = YES;
				CLANG_WARN_OBJC_LITERAL_CONVERSION = YES;
				CLANG_WARN_OBJC_ROOT_CLASS = YES_ERROR;
				CLANG_WARN_RANGE_LOOP_ANALYSIS = YES;
				CLANG_WARN_STRICT_PROTOTYPES = YES;
				CLANG_WARN_SUSPICIOUS_MOVE = YES;
				CLANG_WARN_UNGUARDED_AVAILABILITY = YES_AGGRESSIVE;
				CLANG_WARN_UNREACHABLE_CODE = YES;
				CLANG_WARN__DUPLICATE_METHOD_MATCH = YES;
				COPY_PHASE_STRIP = NO;
				DEBUG_INFORMATION_FORMAT = dwarf;
				DYLIB_COMPATIBILITY_VERSION = 1;
				DYLIB_CURRENT_VERSION = 1;
				ENABLE_STRICT_OBJC_MSGSEND = YES;
				ENABLE_TESTABILITY = YES;
				EXECUTABLE_PREFIX = lib;
				GCC_DYNAMIC_NO_PIC = NO;
				GCC_NO_COMMON_BLOCKS = YES;
				GCC_OPTIMIZATION_LEVEL = 0;
				GCC_PREPROCESSOR_DEFINITIONS = (
					"DEBUG=1",
					"$(inherited)",
				);
				GCC_WARN_64_TO_32_BIT_CONVERSION = YES;
				GCC_WARN_ABOUT_RETURN_TYPE = YES_ERROR;
				GCC_WARN_UNDECLARED_SELECTOR = YES;
				GCC_WARN_UNINITIALIZED_AUTOS = YES_AGGRESSIVE;
				GCC_WARN_UNUSED_FUNCTION = YES;
				GCC_WARN_UNUSED_VARIABLE = YES;
				PRODUCT_NAME = "$(TARGET_NAME)";
				SKIP_INSTALL = YES;
			};
			name = Debug;
		};
		26FC6B1921DAA3D800289A0A /* Release */ = {
			isa = XCBuildConfiguration;
			buildSettings = {
				ALWAYS_SEARCH_USER_PATHS = NO;
				CLANG_ANALYZER_NONNULL = YES;
				CLANG_ANALYZER_NUMBER_OBJECT_CONVERSION = YES_AGGRESSIVE;
				CLANG_ENABLE_MODULES = YES;
				CLANG_ENABLE_OBJC_ARC = YES;
				CLANG_ENABLE_OBJC_WEAK = YES;
				CLANG_WARN_BLOCK_CAPTURE_AUTORELEASING = YES;
				CLANG_WARN_BOOL_CONVERSION = YES;
				CLANG_WARN_COMMA = YES;
				CLANG_WARN_CONSTANT_CONVERSION = YES;
				CLANG_WARN_DEPRECATED_OBJC_IMPLEMENTATIONS = YES;
				CLANG_WARN_DIRECT_OBJC_ISA_USAGE = YES_ERROR;
				CLANG_WARN_DOCUMENTATION_COMMENTS = YES;
				CLANG_WARN_EMPTY_BODY = YES;
				CLANG_WARN_ENUM_CONVERSION = YES;
				CLANG_WARN_INFINITE_RECURSION = YES;
				CLANG_WARN_INT_CONVERSION = YES;
				CLANG_WARN_NON_LITERAL_NULL_CONVERSION = YES;
				CLANG_WARN_OBJC_IMPLICIT_RETAIN_SELF = YES;
				CLANG_WARN_OBJC_LITERAL_CONVERSION = YES;
				CLANG_WARN_OBJC_ROOT_CLASS = YES_ERROR;
				CLANG_WARN_RANGE_LOOP_ANALYSIS = YES;
				CLANG_WARN_STRICT_PROTOTYPES = YES;
				CLANG_WARN_SUSPICIOUS_MOVE = YES;
				CLANG_WARN_UNGUARDED_AVAILABILITY = YES_AGGRESSIVE;
				CLANG_WARN_UNREACHABLE_CODE = YES;
				CLANG_WARN__DUPLICATE_METHOD_MATCH = YES;
				COPY_PHASE_STRIP = NO;
				DEBUG_INFORMATION_FORMAT = "dwarf-with-dsym";
				DYLIB_COMPATIBILITY_VERSION = 1;
				DYLIB_CURRENT_VERSION = 1;
				ENABLE_NS_ASSERTIONS = NO;
				ENABLE_STRICT_OBJC_MSGSEND = YES;
				EXECUTABLE_PREFIX = lib;
				GCC_NO_COMMON_BLOCKS = YES;
				GCC_WARN_64_TO_32_BIT_CONVERSION = YES;
				GCC_WARN_ABOUT_RETURN_TYPE = YES_ERROR;
				GCC_WARN_UNDECLARED_SELECTOR = YES;
				GCC_WARN_UNINITIALIZED_AUTOS = YES_AGGRESSIVE;
				GCC_WARN_UNUSED_FUNCTION = YES;
				GCC_WARN_UNUSED_VARIABLE = YES;
				PRODUCT_NAME = "$(TARGET_NAME)";
				SKIP_INSTALL = YES;
			};
			name = Release;
		};
/* End XCBuildConfiguration section */

/* Begin XCConfigurationList section */
		2646F83A21DFEA0400F378DE /* Build configuration list for PBXNativeTarget "stimulus-list" */ = {
			isa = XCConfigurationList;
			buildConfigurations = (
				2646F83B21DFEA0400F378DE /* Debug */,
				2646F83C21DFEA0400F378DE /* Release */,
			);
			defaultConfigurationIsVisible = 0;
			defaultConfigurationName = Release;
		};
		26A2237621DD3544007D6511 /* Build configuration list for PBXNativeTarget "recognition-test" */ = {
			isa = XCConfigurationList;
			buildConfigurations = (
				26A2237721DD3544007D6511 /* Debug */,
				26A2237821DD3544007D6511 /* Release */,
			);
			defaultConfigurationIsVisible = 0;
			defaultConfigurationName = Release;
		};
		26A86BE4223AA71400210C00 /* Build configuration list for PBXNativeTarget "masker-player" */ = {
			isa = XCConfigurationList;
			buildConfigurations = (
				26A86BE5223AA71400210C00 /* Debug */,
				26A86BE6223AA71400210C00 /* Release */,
			);
			defaultConfigurationIsVisible = 0;
			defaultConfigurationName = Release;
		};
		26B81F3421DEB15A00006FCB /* Build configuration list for PBXNativeTarget "av-coordinated-response-measure" */ = {
			isa = XCConfigurationList;
			buildConfigurations = (
				26B81F3521DEB15A00006FCB /* Debug */,
				26B81F3621DEB15A00006FCB /* Release */,
			);
			defaultConfigurationIsVisible = 0;
			defaultConfigurationName = Release;
		};
		26EE86C62242E98700C08622 /* Build configuration list for PBXNativeTarget "stimulus-player" */ = {
			isa = XCConfigurationList;
			buildConfigurations = (
				26EE86C72242E98700C08622 /* Debug */,
				26EE86C82242E98700C08622 /* Release */,
			);
			defaultConfigurationIsVisible = 0;
			defaultConfigurationName = Release;
		};
		26FC6AFC21DA80C900289A0A /* Build configuration list for PBXProject "av-coordinated-response-measure" */ = {
			isa = XCConfigurationList;
			buildConfigurations = (
				26FC6AFD21DA80C900289A0A /* Debug */,
				26FC6AFE21DA80C900289A0A /* Release */,
			);
			defaultConfigurationIsVisible = 0;
			defaultConfigurationName = Release;
		};
		26FC6B0821DA810C00289A0A /* Build configuration list for PBXNativeTarget "google-tests" */ = {
			isa = XCConfigurationList;
			buildConfigurations = (
				26FC6B0921DA810C00289A0A /* Debug */,
				26FC6B0A21DA810C00289A0A /* Release */,
			);
			defaultConfigurationIsVisible = 0;
			defaultConfigurationName = Release;
		};
		26FC6B1721DAA3D800289A0A /* Build configuration list for PBXNativeTarget "presentation" */ = {
			isa = XCConfigurationList;
			buildConfigurations = (
				26FC6B1821DAA3D800289A0A /* Debug */,
				26FC6B1921DAA3D800289A0A /* Release */,
			);
			defaultConfigurationIsVisible = 0;
			defaultConfigurationName = Release;
		};
/* End XCConfigurationList section */
	};
	rootObject = 26FC6AF921DA80C900289A0A /* Project object */;
}
